// !$*UTF8*$!
{
	archiveVersion = 1;
	classes = {
	};
	objectVersion = 52;
	objects = {

/* Begin PBXBuildFile section */
		5C908F04258FD8A000D0E0CC /* StatCell.xib in Resources */ = {isa = PBXBuildFile; fileRef = 5C908F03258FD8A000D0E0CC /* StatCell.xib */; };
		5C9EC15F258F887A003EDD58 /* StatCell.swift in Sources */ = {isa = PBXBuildFile; fileRef = 5C9EC15E258F887A003EDD58 /* StatCell.swift */; };
		5C9EC167258F8B28003EDD58 /* Stats.swift in Sources */ = {isa = PBXBuildFile; fileRef = 5C9EC166258F8B28003EDD58 /* Stats.swift */; };
		5C9EC16C258F8B91003EDD58 /* StringGenerator.swift in Sources */ = {isa = PBXBuildFile; fileRef = 5C9EC16B258F8B91003EDD58 /* StringGenerator.swift */; };
		5CC1DE25258E8A7100096587 /* AppDelegate.swift in Sources */ = {isa = PBXBuildFile; fileRef = 5CC1DE24258E8A7100096587 /* AppDelegate.swift */; };
		5CC1DE27258E8A7100096587 /* SceneDelegate.swift in Sources */ = {isa = PBXBuildFile; fileRef = 5CC1DE26258E8A7100096587 /* SceneDelegate.swift */; };
		5CC1DE2C258E8A7100096587 /* Main.storyboard in Resources */ = {isa = PBXBuildFile; fileRef = 5CC1DE2A258E8A7100096587 /* Main.storyboard */; };
		5CC1DE2E258E8A7300096587 /* Assets.xcassets in Resources */ = {isa = PBXBuildFile; fileRef = 5CC1DE2D258E8A7300096587 /* Assets.xcassets */; };
		5CC1DE31258E8A7300096587 /* LaunchScreen.storyboard in Resources */ = {isa = PBXBuildFile; fileRef = 5CC1DE2F258E8A7300096587 /* LaunchScreen.storyboard */; };
		5CC1DE3C258E8A7300096587 /* RatpTestTests.swift in Sources */ = {isa = PBXBuildFile; fileRef = 5CC1DE3B258E8A7300096587 /* RatpTestTests.swift */; };
		5CC1DE47258E8A7300096587 /* RatpTestUITests.swift in Sources */ = {isa = PBXBuildFile; fileRef = 5CC1DE46258E8A7300096587 /* RatpTestUITests.swift */; };
		5CC1DE59258E8BB300096587 /* Hero in Frameworks */ = {isa = PBXBuildFile; productRef = 5CC1DE58258E8BB300096587 /* Hero */; };
		5CC1DE5E258E8BFD00096587 /* SplashScreenViewController.swift in Sources */ = {isa = PBXBuildFile; fileRef = 5CC1DE5D258E8BFD00096587 /* SplashScreenViewController.swift */; };
		5CC1DE63258E8EE100096587 /* InputViewController.swift in Sources */ = {isa = PBXBuildFile; fileRef = 5CC1DE62258E8EE100096587 /* InputViewController.swift */; };
		5CC1DE68258E8EEB00096587 /* DisplayViewController.swift in Sources */ = {isa = PBXBuildFile; fileRef = 5CC1DE67258E8EEB00096587 /* DisplayViewController.swift */; };
		5CC1DE6D258E8EF400096587 /* StatsViewController.swift in Sources */ = {isa = PBXBuildFile; fileRef = 5CC1DE6C258E8EF400096587 /* StatsViewController.swift */; };
		5CC7E361258E94B5008514F2 /* Constants.swift in Sources */ = {isa = PBXBuildFile; fileRef = 5CC7E360258E94B5008514F2 /* Constants.swift */; };
		5CC7E367258EACAA008514F2 /* DisplayCell.swift in Sources */ = {isa = PBXBuildFile; fileRef = 5CC7E366258EACAA008514F2 /* DisplayCell.swift */; };
		5CECA2FA258FB373005FCD76 /* UIAlertController+Extensions.swift in Sources */ = {isa = PBXBuildFile; fileRef = 5CECA2F9258FB373005FCD76 /* UIAlertController+Extensions.swift */; };
		5CECA302258FD191005FCD76 /* DisplayCell.xib in Resources */ = {isa = PBXBuildFile; fileRef = 5CECA301258FD191005FCD76 /* DisplayCell.xib */; };
		5CF1294E2590F3A4007E4969 /* Int+Extensions.swift in Sources */ = {isa = PBXBuildFile; fileRef = 5CF1294D2590F3A4007E4969 /* Int+Extensions.swift */; };
/* End PBXBuildFile section */

/* Begin PBXContainerItemProxy section */
		5CC1DE38258E8A7300096587 /* PBXContainerItemProxy */ = {
			isa = PBXContainerItemProxy;
			containerPortal = 5CC1DE19258E8A7100096587 /* Project object */;
			proxyType = 1;
			remoteGlobalIDString = 5CC1DE20258E8A7100096587;
			remoteInfo = RatpTest;
		};
		5CC1DE43258E8A7300096587 /* PBXContainerItemProxy */ = {
			isa = PBXContainerItemProxy;
			containerPortal = 5CC1DE19258E8A7100096587 /* Project object */;
			proxyType = 1;
			remoteGlobalIDString = 5CC1DE20258E8A7100096587;
			remoteInfo = RatpTest;
		};
/* End PBXContainerItemProxy section */

/* Begin PBXFileReference section */
		5C908F03258FD8A000D0E0CC /* StatCell.xib */ = {isa = PBXFileReference; lastKnownFileType = file.xib; path = StatCell.xib; sourceTree = "<group>"; };
		5C9EC15E258F887A003EDD58 /* StatCell.swift */ = {isa = PBXFileReference; lastKnownFileType = sourcecode.swift; path = StatCell.swift; sourceTree = "<group>"; };
		5C9EC166258F8B28003EDD58 /* Stats.swift */ = {isa = PBXFileReference; lastKnownFileType = sourcecode.swift; path = Stats.swift; sourceTree = "<group>"; };
		5C9EC16B258F8B91003EDD58 /* StringGenerator.swift */ = {isa = PBXFileReference; lastKnownFileType = sourcecode.swift; path = StringGenerator.swift; sourceTree = "<group>"; };
		5CC1DE21258E8A7100096587 /* RatpTest.app */ = {isa = PBXFileReference; explicitFileType = wrapper.application; includeInIndex = 0; path = RatpTest.app; sourceTree = BUILT_PRODUCTS_DIR; };
		5CC1DE24258E8A7100096587 /* AppDelegate.swift */ = {isa = PBXFileReference; lastKnownFileType = sourcecode.swift; path = AppDelegate.swift; sourceTree = "<group>"; };
		5CC1DE26258E8A7100096587 /* SceneDelegate.swift */ = {isa = PBXFileReference; lastKnownFileType = sourcecode.swift; path = SceneDelegate.swift; sourceTree = "<group>"; };
		5CC1DE2B258E8A7100096587 /* Base */ = {isa = PBXFileReference; lastKnownFileType = file.storyboard; name = Base; path = Base.lproj/Main.storyboard; sourceTree = "<group>"; };
		5CC1DE2D258E8A7300096587 /* Assets.xcassets */ = {isa = PBXFileReference; lastKnownFileType = folder.assetcatalog; path = Assets.xcassets; sourceTree = "<group>"; };
		5CC1DE30258E8A7300096587 /* Base */ = {isa = PBXFileReference; lastKnownFileType = file.storyboard; name = Base; path = Base.lproj/LaunchScreen.storyboard; sourceTree = "<group>"; };
		5CC1DE32258E8A7300096587 /* Info.plist */ = {isa = PBXFileReference; lastKnownFileType = text.plist.xml; path = Info.plist; sourceTree = "<group>"; };
		5CC1DE37258E8A7300096587 /* RatpTestTests.xctest */ = {isa = PBXFileReference; explicitFileType = wrapper.cfbundle; includeInIndex = 0; path = RatpTestTests.xctest; sourceTree = BUILT_PRODUCTS_DIR; };
		5CC1DE3B258E8A7300096587 /* RatpTestTests.swift */ = {isa = PBXFileReference; lastKnownFileType = sourcecode.swift; path = RatpTestTests.swift; sourceTree = "<group>"; };
		5CC1DE3D258E8A7300096587 /* Info.plist */ = {isa = PBXFileReference; lastKnownFileType = text.plist.xml; path = Info.plist; sourceTree = "<group>"; };
		5CC1DE42258E8A7300096587 /* RatpTestUITests.xctest */ = {isa = PBXFileReference; explicitFileType = wrapper.cfbundle; includeInIndex = 0; path = RatpTestUITests.xctest; sourceTree = BUILT_PRODUCTS_DIR; };
		5CC1DE46258E8A7300096587 /* RatpTestUITests.swift */ = {isa = PBXFileReference; lastKnownFileType = sourcecode.swift; path = RatpTestUITests.swift; sourceTree = "<group>"; };
		5CC1DE48258E8A7300096587 /* Info.plist */ = {isa = PBXFileReference; lastKnownFileType = text.plist.xml; path = Info.plist; sourceTree = "<group>"; };
		5CC1DE5D258E8BFD00096587 /* SplashScreenViewController.swift */ = {isa = PBXFileReference; lastKnownFileType = sourcecode.swift; path = SplashScreenViewController.swift; sourceTree = "<group>"; };
		5CC1DE62258E8EE100096587 /* InputViewController.swift */ = {isa = PBXFileReference; lastKnownFileType = sourcecode.swift; path = InputViewController.swift; sourceTree = "<group>"; };
		5CC1DE67258E8EEB00096587 /* DisplayViewController.swift */ = {isa = PBXFileReference; lastKnownFileType = sourcecode.swift; path = DisplayViewController.swift; sourceTree = "<group>"; };
		5CC1DE6C258E8EF400096587 /* StatsViewController.swift */ = {isa = PBXFileReference; lastKnownFileType = sourcecode.swift; path = StatsViewController.swift; sourceTree = "<group>"; };
		5CC7E360258E94B5008514F2 /* Constants.swift */ = {isa = PBXFileReference; lastKnownFileType = sourcecode.swift; path = Constants.swift; sourceTree = "<group>"; };
		5CC7E366258EACAA008514F2 /* DisplayCell.swift */ = {isa = PBXFileReference; lastKnownFileType = sourcecode.swift; path = DisplayCell.swift; sourceTree = "<group>"; };
		5CECA2F9258FB373005FCD76 /* UIAlertController+Extensions.swift */ = {isa = PBXFileReference; lastKnownFileType = sourcecode.swift; path = "UIAlertController+Extensions.swift"; sourceTree = "<group>"; };
		5CECA301258FD191005FCD76 /* DisplayCell.xib */ = {isa = PBXFileReference; lastKnownFileType = file.xib; path = DisplayCell.xib; sourceTree = "<group>"; };
		5CF1294D2590F3A4007E4969 /* Int+Extensions.swift */ = {isa = PBXFileReference; lastKnownFileType = sourcecode.swift; path = "Int+Extensions.swift"; sourceTree = "<group>"; };
/* End PBXFileReference section */

/* Begin PBXFrameworksBuildPhase section */
		5CC1DE1E258E8A7100096587 /* Frameworks */ = {
			isa = PBXFrameworksBuildPhase;
			buildActionMask = 2147483647;
			files = (
				5CC1DE59258E8BB300096587 /* Hero in Frameworks */,
			);
			runOnlyForDeploymentPostprocessing = 0;
		};
		5CC1DE34258E8A7300096587 /* Frameworks */ = {
			isa = PBXFrameworksBuildPhase;
			buildActionMask = 2147483647;
			files = (
			);
			runOnlyForDeploymentPostprocessing = 0;
		};
		5CC1DE3F258E8A7300096587 /* Frameworks */ = {
			isa = PBXFrameworksBuildPhase;
			buildActionMask = 2147483647;
			files = (
			);
			runOnlyForDeploymentPostprocessing = 0;
		};
/* End PBXFrameworksBuildPhase section */

/* Begin PBXGroup section */
		5CC1DE18258E8A7100096587 = {
			isa = PBXGroup;
			children = (
				5CC1DE23258E8A7100096587 /* RatpTest */,
				5CC1DE3A258E8A7300096587 /* RatpTestTests */,
				5CC1DE45258E8A7300096587 /* RatpTestUITests */,
				5CC1DE22258E8A7100096587 /* Products */,
			);
			sourceTree = "<group>";
		};
		5CC1DE22258E8A7100096587 /* Products */ = {
			isa = PBXGroup;
			children = (
				5CC1DE21258E8A7100096587 /* RatpTest.app */,
				5CC1DE37258E8A7300096587 /* RatpTestTests.xctest */,
				5CC1DE42258E8A7300096587 /* RatpTestUITests.xctest */,
			);
			name = Products;
			sourceTree = "<group>";
		};
		5CC1DE23258E8A7100096587 /* RatpTest */ = {
			isa = PBXGroup;
			children = (
				5CC1DE32258E8A7300096587 /* Info.plist */,
				5CC1DE2D258E8A7300096587 /* Assets.xcassets */,
				5CC1DE24258E8A7100096587 /* AppDelegate.swift */,
				5CC1DE26258E8A7100096587 /* SceneDelegate.swift */,
				5CC1DE74258E8F6F00096587 /* Models */,
				5CC1DE73258E8F1A00096587 /* Views */,
				5CC1DE71258E8EF900096587 /* Controllers */,
				5CECA2F8258FB365005FCD76 /* Extensions */,
			);
			path = RatpTest;
			sourceTree = "<group>";
		};
		5CC1DE3A258E8A7300096587 /* RatpTestTests */ = {
			isa = PBXGroup;
			children = (
				5CC1DE3B258E8A7300096587 /* RatpTestTests.swift */,
				5CC1DE3D258E8A7300096587 /* Info.plist */,
			);
			path = RatpTestTests;
			sourceTree = "<group>";
		};
		5CC1DE45258E8A7300096587 /* RatpTestUITests */ = {
			isa = PBXGroup;
			children = (
				5CC1DE46258E8A7300096587 /* RatpTestUITests.swift */,
				5CC1DE48258E8A7300096587 /* Info.plist */,
			);
			path = RatpTestUITests;
			sourceTree = "<group>";
		};
		5CC1DE71258E8EF900096587 /* Controllers */ = {
			isa = PBXGroup;
			children = (
				5CC1DE5D258E8BFD00096587 /* SplashScreenViewController.swift */,
				5CC1DE62258E8EE100096587 /* InputViewController.swift */,
				5CC1DE67258E8EEB00096587 /* DisplayViewController.swift */,
				5CC1DE6C258E8EF400096587 /* StatsViewController.swift */,
			);
			path = Controllers;
			sourceTree = "<group>";
		};
		5CC1DE73258E8F1A00096587 /* Views */ = {
			isa = PBXGroup;
			children = (
				5CC1DE2A258E8A7100096587 /* Main.storyboard */,
				5CC1DE2F258E8A7300096587 /* LaunchScreen.storyboard */,
				5CC7E365258EAC81008514F2 /* Cells */,
			);
			path = Views;
			sourceTree = "<group>";
		};
		5CC1DE74258E8F6F00096587 /* Models */ = {
			isa = PBXGroup;
			children = (
				5CC7E360258E94B5008514F2 /* Constants.swift */,
				5C9EC16B258F8B91003EDD58 /* StringGenerator.swift */,
				5C9EC166258F8B28003EDD58 /* Stats.swift */,
			);
			path = Models;
			sourceTree = "<group>";
		};
		5CC7E365258EAC81008514F2 /* Cells */ = {
			isa = PBXGroup;
			children = (
				5CECA301258FD191005FCD76 /* DisplayCell.xib */,
				5CC7E366258EACAA008514F2 /* DisplayCell.swift */,
				5C9EC15E258F887A003EDD58 /* StatCell.swift */,
				5C908F03258FD8A000D0E0CC /* StatCell.xib */,
			);
			path = Cells;
			sourceTree = "<group>";
		};
		5CECA2F8258FB365005FCD76 /* Extensions */ = {
			isa = PBXGroup;
			children = (
				5CECA2F9258FB373005FCD76 /* UIAlertController+Extensions.swift */,
				5CF1294D2590F3A4007E4969 /* Int+Extensions.swift */,
			);
			path = Extensions;
			sourceTree = "<group>";
		};
/* End PBXGroup section */

/* Begin PBXNativeTarget section */
		5CC1DE20258E8A7100096587 /* RatpTest */ = {
			isa = PBXNativeTarget;
			buildConfigurationList = 5CC1DE4B258E8A7300096587 /* Build configuration list for PBXNativeTarget "RatpTest" */;
			buildPhases = (
				5CC1DE1D258E8A7100096587 /* Sources */,
				5CC1DE1E258E8A7100096587 /* Frameworks */,
				5CC1DE1F258E8A7100096587 /* Resources */,
			);
			buildRules = (
			);
			dependencies = (
			);
			name = RatpTest;
			packageProductDependencies = (
				5CC1DE58258E8BB300096587 /* Hero */,
			);
			productName = RatpTest;
			productReference = 5CC1DE21258E8A7100096587 /* RatpTest.app */;
			productType = "com.apple.product-type.application";
		};
		5CC1DE36258E8A7300096587 /* RatpTestTests */ = {
			isa = PBXNativeTarget;
			buildConfigurationList = 5CC1DE4E258E8A7300096587 /* Build configuration list for PBXNativeTarget "RatpTestTests" */;
			buildPhases = (
				5CC1DE33258E8A7300096587 /* Sources */,
				5CC1DE34258E8A7300096587 /* Frameworks */,
				5CC1DE35258E8A7300096587 /* Resources */,
			);
			buildRules = (
			);
			dependencies = (
				5CC1DE39258E8A7300096587 /* PBXTargetDependency */,
			);
			name = RatpTestTests;
			productName = RatpTestTests;
			productReference = 5CC1DE37258E8A7300096587 /* RatpTestTests.xctest */;
			productType = "com.apple.product-type.bundle.unit-test";
		};
		5CC1DE41258E8A7300096587 /* RatpTestUITests */ = {
			isa = PBXNativeTarget;
			buildConfigurationList = 5CC1DE51258E8A7300096587 /* Build configuration list for PBXNativeTarget "RatpTestUITests" */;
			buildPhases = (
				5CC1DE3E258E8A7300096587 /* Sources */,
				5CC1DE3F258E8A7300096587 /* Frameworks */,
				5CC1DE40258E8A7300096587 /* Resources */,
			);
			buildRules = (
			);
			dependencies = (
				5CC1DE44258E8A7300096587 /* PBXTargetDependency */,
			);
			name = RatpTestUITests;
			productName = RatpTestUITests;
			productReference = 5CC1DE42258E8A7300096587 /* RatpTestUITests.xctest */;
			productType = "com.apple.product-type.bundle.ui-testing";
		};
/* End PBXNativeTarget section */

/* Begin PBXProject section */
		5CC1DE19258E8A7100096587 /* Project object */ = {
			isa = PBXProject;
			attributes = {
				LastSwiftUpdateCheck = 1200;
				LastUpgradeCheck = 1200;
				TargetAttributes = {
					5CC1DE20258E8A7100096587 = {
						CreatedOnToolsVersion = 12.0.1;
					};
					5CC1DE36258E8A7300096587 = {
						CreatedOnToolsVersion = 12.0.1;
						TestTargetID = 5CC1DE20258E8A7100096587;
					};
					5CC1DE41258E8A7300096587 = {
						CreatedOnToolsVersion = 12.0.1;
						TestTargetID = 5CC1DE20258E8A7100096587;
					};
				};
			};
			buildConfigurationList = 5CC1DE1C258E8A7100096587 /* Build configuration list for PBXProject "RatpTest" */;
			compatibilityVersion = "Xcode 9.3";
			developmentRegion = en;
			hasScannedForEncodings = 0;
			knownRegions = (
				en,
				Base,
			);
			mainGroup = 5CC1DE18258E8A7100096587;
			packageReferences = (
				5CC1DE57258E8BB300096587 /* XCRemoteSwiftPackageReference "Hero" */,
			);
			productRefGroup = 5CC1DE22258E8A7100096587 /* Products */;
			projectDirPath = "";
			projectRoot = "";
			targets = (
				5CC1DE20258E8A7100096587 /* RatpTest */,
				5CC1DE36258E8A7300096587 /* RatpTestTests */,
				5CC1DE41258E8A7300096587 /* RatpTestUITests */,
			);
		};
/* End PBXProject section */

/* Begin PBXResourcesBuildPhase section */
		5CC1DE1F258E8A7100096587 /* Resources */ = {
			isa = PBXResourcesBuildPhase;
			buildActionMask = 2147483647;
			files = (
				5CC1DE31258E8A7300096587 /* LaunchScreen.storyboard in Resources */,
				5C908F04258FD8A000D0E0CC /* StatCell.xib in Resources */,
				5CC1DE2E258E8A7300096587 /* Assets.xcassets in Resources */,
				5CECA302258FD191005FCD76 /* DisplayCell.xib in Resources */,
				5CC1DE2C258E8A7100096587 /* Main.storyboard in Resources */,
			);
			runOnlyForDeploymentPostprocessing = 0;
		};
		5CC1DE35258E8A7300096587 /* Resources */ = {
			isa = PBXResourcesBuildPhase;
			buildActionMask = 2147483647;
			files = (
			);
			runOnlyForDeploymentPostprocessing = 0;
		};
		5CC1DE40258E8A7300096587 /* Resources */ = {
			isa = PBXResourcesBuildPhase;
			buildActionMask = 2147483647;
			files = (
			);
			runOnlyForDeploymentPostprocessing = 0;
		};
/* End PBXResourcesBuildPhase section */

/* Begin PBXSourcesBuildPhase section */
		5CC1DE1D258E8A7100096587 /* Sources */ = {
			isa = PBXSourcesBuildPhase;
			buildActionMask = 2147483647;
			files = (
				5CC1DE68258E8EEB00096587 /* DisplayViewController.swift in Sources */,
				5CECA2FA258FB373005FCD76 /* UIAlertController+Extensions.swift in Sources */,
				5C9EC167258F8B28003EDD58 /* Stats.swift in Sources */,
				5CC1DE63258E8EE100096587 /* InputViewController.swift in Sources */,
				5CC1DE25258E8A7100096587 /* AppDelegate.swift in Sources */,
				5CF1294E2590F3A4007E4969 /* Int+Extensions.swift in Sources */,
				5C9EC16C258F8B91003EDD58 /* StringGenerator.swift in Sources */,
				5CC1DE6D258E8EF400096587 /* StatsViewController.swift in Sources */,
				5CC7E367258EACAA008514F2 /* DisplayCell.swift in Sources */,
				5CC1DE5E258E8BFD00096587 /* SplashScreenViewController.swift in Sources */,
				5C9EC15F258F887A003EDD58 /* StatCell.swift in Sources */,
				5CC1DE27258E8A7100096587 /* SceneDelegate.swift in Sources */,
				5CC7E361258E94B5008514F2 /* Constants.swift in Sources */,
			);
			runOnlyForDeploymentPostprocessing = 0;
		};
		5CC1DE33258E8A7300096587 /* Sources */ = {
			isa = PBXSourcesBuildPhase;
			buildActionMask = 2147483647;
			files = (
				5CC1DE3C258E8A7300096587 /* RatpTestTests.swift in Sources */,
			);
			runOnlyForDeploymentPostprocessing = 0;
		};
		5CC1DE3E258E8A7300096587 /* Sources */ = {
			isa = PBXSourcesBuildPhase;
			buildActionMask = 2147483647;
			files = (
				5CC1DE47258E8A7300096587 /* RatpTestUITests.swift in Sources */,
			);
			runOnlyForDeploymentPostprocessing = 0;
		};
/* End PBXSourcesBuildPhase section */

/* Begin PBXTargetDependency section */
		5CC1DE39258E8A7300096587 /* PBXTargetDependency */ = {
			isa = PBXTargetDependency;
			target = 5CC1DE20258E8A7100096587 /* RatpTest */;
			targetProxy = 5CC1DE38258E8A7300096587 /* PBXContainerItemProxy */;
		};
		5CC1DE44258E8A7300096587 /* PBXTargetDependency */ = {
			isa = PBXTargetDependency;
			target = 5CC1DE20258E8A7100096587 /* RatpTest */;
			targetProxy = 5CC1DE43258E8A7300096587 /* PBXContainerItemProxy */;
		};
/* End PBXTargetDependency section */

/* Begin PBXVariantGroup section */
		5CC1DE2A258E8A7100096587 /* Main.storyboard */ = {
			isa = PBXVariantGroup;
			children = (
				5CC1DE2B258E8A7100096587 /* Base */,
			);
			name = Main.storyboard;
			sourceTree = "<group>";
		};
		5CC1DE2F258E8A7300096587 /* LaunchScreen.storyboard */ = {
			isa = PBXVariantGroup;
			children = (
				5CC1DE30258E8A7300096587 /* Base */,
			);
			name = LaunchScreen.storyboard;
			sourceTree = "<group>";
		};
/* End PBXVariantGroup section */

/* Begin XCBuildConfiguration section */
		5CC1DE49258E8A7300096587 /* Debug */ = {
			isa = XCBuildConfiguration;
			buildSettings = {
				ALWAYS_SEARCH_USER_PATHS = NO;
				CLANG_ANALYZER_NONNULL = YES;
				CLANG_ANALYZER_NUMBER_OBJECT_CONVERSION = YES_AGGRESSIVE;
				CLANG_CXX_LANGUAGE_STANDARD = "gnu++14";
				CLANG_CXX_LIBRARY = "libc++";
				CLANG_ENABLE_MODULES = YES;
				CLANG_ENABLE_OBJC_ARC = YES;
				CLANG_ENABLE_OBJC_WEAK = YES;
				CLANG_WARN_BLOCK_CAPTURE_AUTORELEASING = YES;
				CLANG_WARN_BOOL_CONVERSION = YES;
				CLANG_WARN_COMMA = YES;
				CLANG_WARN_CONSTANT_CONVERSION = YES;
				CLANG_WARN_DEPRECATED_OBJC_IMPLEMENTATIONS = YES;
				CLANG_WARN_DIRECT_OBJC_ISA_USAGE = YES_ERROR;
				CLANG_WARN_DOCUMENTATION_COMMENTS = YES;
				CLANG_WARN_EMPTY_BODY = YES;
				CLANG_WARN_ENUM_CONVERSION = YES;
				CLANG_WARN_INFINITE_RECURSION = YES;
				CLANG_WARN_INT_CONVERSION = YES;
				CLANG_WARN_NON_LITERAL_NULL_CONVERSION = YES;
				CLANG_WARN_OBJC_IMPLICIT_RETAIN_SELF = YES;
				CLANG_WARN_OBJC_LITERAL_CONVERSION = YES;
				CLANG_WARN_OBJC_ROOT_CLASS = YES_ERROR;
				CLANG_WARN_QUOTED_INCLUDE_IN_FRAMEWORK_HEADER = YES;
				CLANG_WARN_RANGE_LOOP_ANALYSIS = YES;
				CLANG_WARN_STRICT_PROTOTYPES = YES;
				CLANG_WARN_SUSPICIOUS_MOVE = YES;
				CLANG_WARN_UNGUARDED_AVAILABILITY = YES_AGGRESSIVE;
				CLANG_WARN_UNREACHABLE_CODE = YES;
				CLANG_WARN__DUPLICATE_METHOD_MATCH = YES;
				COPY_PHASE_STRIP = NO;
				DEBUG_INFORMATION_FORMAT = dwarf;
				ENABLE_STRICT_OBJC_MSGSEND = YES;
				ENABLE_TESTABILITY = YES;
				GCC_C_LANGUAGE_STANDARD = gnu11;
				GCC_DYNAMIC_NO_PIC = NO;
				GCC_NO_COMMON_BLOCKS = YES;
				GCC_OPTIMIZATION_LEVEL = 0;
				GCC_PREPROCESSOR_DEFINITIONS = (
					"DEBUG=1",
					"$(inherited)",
				);
				GCC_WARN_64_TO_32_BIT_CONVERSION = YES;
				GCC_WARN_ABOUT_RETURN_TYPE = YES_ERROR;
				GCC_WARN_UNDECLARED_SELECTOR = YES;
				GCC_WARN_UNINITIALIZED_AUTOS = YES_AGGRESSIVE;
				GCC_WARN_UNUSED_FUNCTION = YES;
				GCC_WARN_UNUSED_VARIABLE = YES;
				INFOPLIST_FILE = Info.plist;
				IPHONEOS_DEPLOYMENT_TARGET = 14.0;
				MTL_ENABLE_DEBUG_INFO = INCLUDE_SOURCE;
				MTL_FAST_MATH = YES;
				ONLY_ACTIVE_ARCH = YES;
				SDKROOT = iphoneos;
				SWIFT_ACTIVE_COMPILATION_CONDITIONS = DEBUG;
				SWIFT_OPTIMIZATION_LEVEL = "-Onone";
			};
			name = Debug;
		};
		5CC1DE4A258E8A7300096587 /* Release */ = {
			isa = XCBuildConfiguration;
			buildSettings = {
				ALWAYS_SEARCH_USER_PATHS = NO;
				CLANG_ANALYZER_NONNULL = YES;
				CLANG_ANALYZER_NUMBER_OBJECT_CONVERSION = YES_AGGRESSIVE;
				CLANG_CXX_LANGUAGE_STANDARD = "gnu++14";
				CLANG_CXX_LIBRARY = "libc++";
				CLANG_ENABLE_MODULES = YES;
				CLANG_ENABLE_OBJC_ARC = YES;
				CLANG_ENABLE_OBJC_WEAK = YES;
				CLANG_WARN_BLOCK_CAPTURE_AUTORELEASING = YES;
				CLANG_WARN_BOOL_CONVERSION = YES;
				CLANG_WARN_COMMA = YES;
				CLANG_WARN_CONSTANT_CONVERSION = YES;
				CLANG_WARN_DEPRECATED_OBJC_IMPLEMENTATIONS = YES;
				CLANG_WARN_DIRECT_OBJC_ISA_USAGE = YES_ERROR;
				CLANG_WARN_DOCUMENTATION_COMMENTS = YES;
				CLANG_WARN_EMPTY_BODY = YES;
				CLANG_WARN_ENUM_CONVERSION = YES;
				CLANG_WARN_INFINITE_RECURSION = YES;
				CLANG_WARN_INT_CONVERSION = YES;
				CLANG_WARN_NON_LITERAL_NULL_CONVERSION = YES;
				CLANG_WARN_OBJC_IMPLICIT_RETAIN_SELF = YES;
				CLANG_WARN_OBJC_LITERAL_CONVERSION = YES;
				CLANG_WARN_OBJC_ROOT_CLASS = YES_ERROR;
				CLANG_WARN_QUOTED_INCLUDE_IN_FRAMEWORK_HEADER = YES;
				CLANG_WARN_RANGE_LOOP_ANALYSIS = YES;
				CLANG_WARN_STRICT_PROTOTYPES = YES;
				CLANG_WARN_SUSPICIOUS_MOVE = YES;
				CLANG_WARN_UNGUARDED_AVAILABILITY = YES_AGGRESSIVE;
				CLANG_WARN_UNREACHABLE_CODE = YES;
				CLANG_WARN__DUPLICATE_METHOD_MATCH = YES;
				COPY_PHASE_STRIP = NO;
				DEBUG_INFORMATION_FORMAT = "dwarf-with-dsym";
				ENABLE_NS_ASSERTIONS = NO;
				ENABLE_STRICT_OBJC_MSGSEND = YES;
				GCC_C_LANGUAGE_STANDARD = gnu11;
				GCC_NO_COMMON_BLOCKS = YES;
				GCC_WARN_64_TO_32_BIT_CONVERSION = YES;
				GCC_WARN_ABOUT_RETURN_TYPE = YES_ERROR;
				GCC_WARN_UNDECLARED_SELECTOR = YES;
				GCC_WARN_UNINITIALIZED_AUTOS = YES_AGGRESSIVE;
				GCC_WARN_UNUSED_FUNCTION = YES;
				GCC_WARN_UNUSED_VARIABLE = YES;
				INFOPLIST_FILE = Info.plist;
				IPHONEOS_DEPLOYMENT_TARGET = 14.0;
				MTL_ENABLE_DEBUG_INFO = NO;
				MTL_FAST_MATH = YES;
				SDKROOT = iphoneos;
				SWIFT_COMPILATION_MODE = wholemodule;
				SWIFT_OPTIMIZATION_LEVEL = "-O";
				VALIDATE_PRODUCT = YES;
			};
			name = Release;
		};
		5CC1DE4C258E8A7300096587 /* Debug */ = {
			isa = XCBuildConfiguration;
			buildSettings = {
				ASSETCATALOG_COMPILER_APPICON_NAME = AppIcon;
				ASSETCATALOG_COMPILER_GLOBAL_ACCENT_COLOR_NAME = AccentColor;
				CODE_SIGN_STYLE = Automatic;
				DEVELOPMENT_TEAM = 28878Y95WB;
				INFOPLIST_FILE = RatpTest/Info.plist;
				LD_RUNPATH_SEARCH_PATHS = (
					"$(inherited)",
					"@executable_path/Frameworks",
				);
				PRODUCT_BUNDLE_IDENTIFIER = com.greencode.RatpTest;
				PRODUCT_NAME = "$(TARGET_NAME)";
				SWIFT_VERSION = 5.0;
				TARGETED_DEVICE_FAMILY = "1,2";
			};
			name = Debug;
		};
		5CC1DE4D258E8A7300096587 /* Release */ = {
			isa = XCBuildConfiguration;
			buildSettings = {
				ASSETCATALOG_COMPILER_APPICON_NAME = AppIcon;
				ASSETCATALOG_COMPILER_GLOBAL_ACCENT_COLOR_NAME = AccentColor;
				CODE_SIGN_STYLE = Automatic;
				DEVELOPMENT_TEAM = 28878Y95WB;
				INFOPLIST_FILE = RatpTest/Info.plist;
				LD_RUNPATH_SEARCH_PATHS = (
					"$(inherited)",
					"@executable_path/Frameworks",
				);
				PRODUCT_BUNDLE_IDENTIFIER = com.greencode.RatpTest;
				PRODUCT_NAME = "$(TARGET_NAME)";
				SWIFT_VERSION = 5.0;
				TARGETED_DEVICE_FAMILY = "1,2";
			};
			name = Release;
		};
		5CC1DE4F258E8A7300096587 /* Debug */ = {
			isa = XCBuildConfiguration;
			buildSettings = {
				ALWAYS_EMBED_SWIFT_STANDARD_LIBRARIES = YES;
				BUNDLE_LOADER = "$(TEST_HOST)";
				CODE_SIGN_STYLE = Automatic;
				DEVELOPMENT_TEAM = 28878Y95WB;
				INFOPLIST_FILE = RatpTestTests/Info.plist;
				IPHONEOS_DEPLOYMENT_TARGET = 14.0;
				LD_RUNPATH_SEARCH_PATHS = (
					"$(inherited)",
					"@executable_path/Frameworks",
					"@loader_path/Frameworks",
				);
				PRODUCT_BUNDLE_IDENTIFIER = com.greencode.RatpTestTests;
				PRODUCT_NAME = "$(TARGET_NAME)";
				SWIFT_VERSION = 5.0;
				TARGETED_DEVICE_FAMILY = "1,2";
				TEST_HOST = "$(BUILT_PRODUCTS_DIR)/RatpTest.app/RatpTest";
			};
			name = Debug;
		};
		5CC1DE50258E8A7300096587 /* Release */ = {
			isa = XCBuildConfiguration;
			buildSettings = {
				ALWAYS_EMBED_SWIFT_STANDARD_LIBRARIES = YES;
				BUNDLE_LOADER = "$(TEST_HOST)";
				CODE_SIGN_STYLE = Automatic;
				DEVELOPMENT_TEAM = 28878Y95WB;
				INFOPLIST_FILE = RatpTestTests/Info.plist;
				IPHONEOS_DEPLOYMENT_TARGET = 14.0;
				LD_RUNPATH_SEARCH_PATHS = (
					"$(inherited)",
					"@executable_path/Frameworks",
					"@loader_path/Frameworks",
				);
				PRODUCT_BUNDLE_IDENTIFIER = com.greencode.RatpTestTests;
				PRODUCT_NAME = "$(TARGET_NAME)";
				SWIFT_VERSION = 5.0;
				TARGETED_DEVICE_FAMILY = "1,2";
				TEST_HOST = "$(BUILT_PRODUCTS_DIR)/RatpTest.app/RatpTest";
			};
			name = Release;
		};
		5CC1DE52258E8A7300096587 /* Debug */ = {
			isa = XCBuildConfiguration;
			buildSettings = {
				ALWAYS_EMBED_SWIFT_STANDARD_LIBRARIES = YES;
				CODE_SIGN_STYLE = Automatic;
				DEVELOPMENT_TEAM = 28878Y95WB;
				INFOPLIST_FILE = RatpTestUITests/Info.plist;
				LD_RUNPATH_SEARCH_PATHS = (
					"$(inherited)",
					"@executable_path/Frameworks",
					"@loader_path/Frameworks",
				);
				PRODUCT_BUNDLE_IDENTIFIER = com.greencode.RatpTestUITests;
				PRODUCT_NAME = "$(TARGET_NAME)";
				SWIFT_VERSION = 5.0;
				TARGETED_DEVICE_FAMILY = "1,2";
				TEST_TARGET_NAME = RatpTest;
			};
			name = Debug;
		};
		5CC1DE53258E8A7300096587 /* Release */ = {
			isa = XCBuildConfiguration;
			buildSettings = {
				ALWAYS_EMBED_SWIFT_STANDARD_LIBRARIES = YES;
				CODE_SIGN_STYLE = Automatic;
				DEVELOPMENT_TEAM = 28878Y95WB;
				INFOPLIST_FILE = RatpTestUITests/Info.plist;
				LD_RUNPATH_SEARCH_PATHS = (
					"$(inherited)",
					"@executable_path/Frameworks",
					"@loader_path/Frameworks",
				);
				PRODUCT_BUNDLE_IDENTIFIER = com.greencode.RatpTestUITests;
				PRODUCT_NAME = "$(TARGET_NAME)";
				SWIFT_VERSION = 5.0;
				TARGETED_DEVICE_FAMILY = "1,2";
				TEST_TARGET_NAME = RatpTest;
			};
			name = Release;
		};
/* End XCBuildConfiguration section */

/* Begin XCConfigurationList section */
		5CC1DE1C258E8A7100096587 /* Build configuration list for PBXProject "RatpTest" */ = {
			isa = XCConfigurationList;
			buildConfigurations = (
				5CC1DE49258E8A7300096587 /* Debug */,
				5CC1DE4A258E8A7300096587 /* Release */,
			);
			defaultConfigurationIsVisible = 0;
			defaultConfigurationName = Release;
		};
		5CC1DE4B258E8A7300096587 /* Build configuration list for PBXNativeTarget "RatpTest" */ = {
			isa = XCConfigurationList;
			buildConfigurations = (
				5CC1DE4C258E8A7300096587 /* Debug */,
				5CC1DE4D258E8A7300096587 /* Release */,
			);
			defaultConfigurationIsVisible = 0;
			defaultConfigurationName = Release;
		};
		5CC1DE4E258E8A7300096587 /* Build configuration list for PBXNativeTarget "RatpTestTests" */ = {
			isa = XCConfigurationList;
			buildConfigurations = (
				5CC1DE4F258E8A7300096587 /* Debug */,
				5CC1DE50258E8A7300096587 /* Release */,
			);
			defaultConfigurationIsVisible = 0;
			defaultConfigurationName = Release;
		};
		5CC1DE51258E8A7300096587 /* Build configuration list for PBXNativeTarget "RatpTestUITests" */ = {
			isa = XCConfigurationList;
			buildConfigurations = (
				5CC1DE52258E8A7300096587 /* Debug */,
				5CC1DE53258E8A7300096587 /* Release */,
			);
			defaultConfigurationIsVisible = 0;
			defaultConfigurationName = Release;
		};
/* End XCConfigurationList section */

/* Begin XCRemoteSwiftPackageReference section */
		5CC1DE57258E8BB300096587 /* XCRemoteSwiftPackageReference "Hero" */ = {
			isa = XCRemoteSwiftPackageReference;
			repositoryURL = "https://github.com/HeroTransitions/Hero.git";
			requirement = {
				kind = upToNextMajorVersion;
				minimumVersion = 1.5.0;
			};
		};
/* End XCRemoteSwiftPackageReference section */

/* Begin XCSwiftPackageProductDependency section */
		5CC1DE58258E8BB300096587 /* Hero */ = {
			isa = XCSwiftPackageProductDependency;
			package = 5CC1DE57258E8BB300096587 /* XCRemoteSwiftPackageReference "Hero" */;
			productName = Hero;
		};
/* End XCSwiftPackageProductDependency section */
	};
	rootObject = 5CC1DE19258E8A7100096587 /* Project object */;
}
